
Microsoft Visual Studio Solution File, Format Version 12.00
# Visual Studio Version 16
VisualStudioVersion = 16.0.28922.388
MinimumVisualStudioVersion = 10.0.40219.1
Project("{FAE04EC0-301F-11D3-BF4B-00C04F79EFBC}") = "WindowsFormsApp11111", "WindowsFormsApp11111\WindowsFormsApp11111.csproj", "{FF0A5D96-D76A-47E8-97B9-2FECEB6BF51B}"
EndProject
Global
	GlobalSection(SolutionConfigurationPlatforms) = preSolution
		Debug|Any CPU = Debug|Any CPU
		Release|Any CPU = Release|Any CPU
	EndGlobalSection
	GlobalSection(ProjectConfigurationPlatforms) = postSolution
		{FF0A5D96-D76A-47E8-97B9-2FECEB6BF51B}.Debug|Any CPU.ActiveCfg = Debug|Any CPU
		{FF0A5D96-D76A-47E8-97B9-2FECEB6BF51B}.Debug|Any CPU.Build.0 = Debug|Any CPU
		{FF0A5D96-D76A-47E8-97B9-2FECEB6BF51B}.Release|Any CPU.ActiveCfg = Release|Any CPU
		{FF0A5D96-D76A-47E8-97B9-2FECEB6BF51B}.Release|Any CPU.Build.0 = Release|Any CPU
	EndGlobalSection
	GlobalSection(SolutionProperties) = preSolution
		HideSolutionNode = FALSE
	EndGlobalSection
	GlobalSection(ExtensibilityGlobals) = postSolution
		SolutionGuid = {3A3DDF6D-5DBD-455B-8814-A77B76424419}
	EndGlobalSection
EndGlobal
