
Microsoft Visual Studio Solution File, Format Version 12.00
# Visual Studio Express 2012 for Windows Desktop
Project("{FAE04EC0-301F-11D3-BF4B-00C04F79EFBC}") = "TEST_PROJECT", "TEST_PROJECT\TEST_PROJECT.csproj", "{3B207D7B-700A-4518-9B6A-E4475F15A983}"
EndProject
Global
	GlobalSection(SolutionConfigurationPlatforms) = preSolution
		Debug|Any CPU = Debug|Any CPU
		Release|Any CPU = Release|Any CPU
	EndGlobalSection
	GlobalSection(ProjectConfigurationPlatforms) = postSolution
		{3B207D7B-700A-4518-9B6A-E4475F15A983}.Debug|Any CPU.ActiveCfg = Debug|Any CPU
		{3B207D7B-700A-4518-9B6A-E4475F15A983}.Debug|Any CPU.Build.0 = Debug|Any CPU
		{3B207D7B-700A-4518-9B6A-E4475F15A983}.Release|Any CPU.ActiveCfg = Release|Any CPU
		{3B207D7B-700A-4518-9B6A-E4475F15A983}.Release|Any CPU.Build.0 = Release|Any CPU
	EndGlobalSection
	GlobalSection(SolutionProperties) = preSolution
		HideSolutionNode = FALSE
	EndGlobalSection
EndGlobal
