
Microsoft Visual Studio Solution File, Format Version 12.00
# Visual Studio 15
VisualStudioVersion = 15.0.28307.779
MinimumVisualStudioVersion = 10.0.40219.1
Project("{FAE04EC0-301F-11D3-BF4B-00C04F79EFBC}") = "_TEST_ENVIRONMENT", "TEST_ENVIRONMENT\_TEST_ENVIRONMENT.csproj", "{77037E2B-1CFB-4E69-AC74-1EC3B3459341}"
EndProject
Global
	GlobalSection(SolutionConfigurationPlatforms) = preSolution
		Debug|Any CPU = Debug|Any CPU
		Release|Any CPU = Release|Any CPU
	EndGlobalSection
	GlobalSection(ProjectConfigurationPlatforms) = postSolution
		{77037E2B-1CFB-4E69-AC74-1EC3B3459341}.Debug|Any CPU.ActiveCfg = Debug|Any CPU
		{77037E2B-1CFB-4E69-AC74-1EC3B3459341}.Debug|Any CPU.Build.0 = Debug|Any CPU
		{77037E2B-1CFB-4E69-AC74-1EC3B3459341}.Release|Any CPU.ActiveCfg = Release|Any CPU
		{77037E2B-1CFB-4E69-AC74-1EC3B3459341}.Release|Any CPU.Build.0 = Release|Any CPU
	EndGlobalSection
	GlobalSection(SolutionProperties) = preSolution
		HideSolutionNode = FALSE
	EndGlobalSection
	GlobalSection(ExtensibilityGlobals) = postSolution
		SolutionGuid = {9A2C71B9-7A4C-4AD2-8945-6F3CCBDE7073}
	EndGlobalSection
EndGlobal
