
Microsoft Visual Studio Solution File, Format Version 12.00
# Visual Studio Express 2012 for Windows Desktop
Project("{FAE04EC0-301F-11D3-BF4B-00C04F79EFBC}") = "page226_V_cowsAndFarmers", "page226_V_cowsAndFarmers\page226_V_cowsAndFarmers.csproj", "{CB25FA29-C05E-4E8E-A5BF-540231C4DE66}"
EndProject
Global
	GlobalSection(SolutionConfigurationPlatforms) = preSolution
		Debug|Any CPU = Debug|Any CPU
		Release|Any CPU = Release|Any CPU
	EndGlobalSection
	GlobalSection(ProjectConfigurationPlatforms) = postSolution
		{CB25FA29-C05E-4E8E-A5BF-540231C4DE66}.Debug|Any CPU.ActiveCfg = Debug|Any CPU
		{CB25FA29-C05E-4E8E-A5BF-540231C4DE66}.Debug|Any CPU.Build.0 = Debug|Any CPU
		{CB25FA29-C05E-4E8E-A5BF-540231C4DE66}.Release|Any CPU.ActiveCfg = Release|Any CPU
		{CB25FA29-C05E-4E8E-A5BF-540231C4DE66}.Release|Any CPU.Build.0 = Release|Any CPU
	EndGlobalSection
	GlobalSection(SolutionProperties) = preSolution
		HideSolutionNode = FALSE
	EndGlobalSection
EndGlobal
